
Microsoft Visual Studio Solution File, Format Version 12.00
# Visual Studio Version 17
VisualStudioVersion = 17.10.35013.160
MinimumVisualStudioVersion = 10.0.40219.1
Project("{FAE04EC0-301F-11D3-BF4B-00C04F79EFBC}") = "GeometryCalculatorLib", "MindBoxPracticalTask\GeometryCalculatorLib.csproj", "{0476BB44-7A05-47E6-A5F5-B2B086196C8B}"
EndProject
Project("{FAE04EC0-301F-11D3-BF4B-00C04F79EFBC}") = "GeometryCalculatorLib.Tests", "GeometryCalculatorLib.Tests\GeometryCalculatorLib.Tests.csproj", "{59AFEE81-4180-4DB9-BC82-54DA8B1DCD49}"
EndProject
Global
	GlobalSection(SolutionConfigurationPlatforms) = preSolution
		Debug|Any CPU = Debug|Any CPU
		Release|Any CPU = Release|Any CPU
	EndGlobalSection
	GlobalSection(ProjectConfigurationPlatforms) = postSolution
		{0476BB44-7A05-47E6-A5F5-B2B086196C8B}.Debug|Any CPU.ActiveCfg = Debug|Any CPU
		{0476BB44-7A05-47E6-A5F5-B2B086196C8B}.Debug|Any CPU.Build.0 = Debug|Any CPU
		{0476BB44-7A05-47E6-A5F5-B2B086196C8B}.Release|Any CPU.ActiveCfg = Release|Any CPU
		{0476BB44-7A05-47E6-A5F5-B2B086196C8B}.Release|Any CPU.Build.0 = Release|Any CPU
		{59AFEE81-4180-4DB9-BC82-54DA8B1DCD49}.Debug|Any CPU.ActiveCfg = Debug|Any CPU
		{59AFEE81-4180-4DB9-BC82-54DA8B1DCD49}.Debug|Any CPU.Build.0 = Debug|Any CPU
		{59AFEE81-4180-4DB9-BC82-54DA8B1DCD49}.Release|Any CPU.ActiveCfg = Release|Any CPU
		{59AFEE81-4180-4DB9-BC82-54DA8B1DCD49}.Release|Any CPU.Build.0 = Release|Any CPU
	EndGlobalSection
	GlobalSection(SolutionProperties) = preSolution
		HideSolutionNode = FALSE
	EndGlobalSection
	GlobalSection(ExtensibilityGlobals) = postSolution
		SolutionGuid = {E91E87E7-62A6-457B-8139-5EE162205F55}
	EndGlobalSection
EndGlobal
